
Microsoft Visual Studio Solution File, Format Version 12.00
# Visual Studio Version 17
VisualStudioVersion = 17.0.31903.59
MinimumVisualStudioVersion = 10.0.40219.1
Project("{9A19103F-16F7-4668-BE54-9A1E7A4F7556}") = "ShogiWebsite", "ShogiWebsite.csproj", "{6E70EB24-FA98-4F5C-BC27-5B511898EFE4}"
EndProject
Global
	GlobalSection(SolutionConfigurationPlatforms) = preSolution
		Debug|Any CPU = Debug|Any CPU
		Release|Any CPU = Release|Any CPU
	EndGlobalSection
	GlobalSection(ProjectConfigurationPlatforms) = postSolution
		{6E70EB24-FA98-4F5C-BC27-5B511898EFE4}.Debug|Any CPU.ActiveCfg = Debug|Any CPU
		{6E70EB24-FA98-4F5C-BC27-5B511898EFE4}.Debug|Any CPU.Build.0 = Debug|Any CPU
		{6E70EB24-FA98-4F5C-BC27-5B511898EFE4}.Release|Any CPU.ActiveCfg = Release|Any CPU
		{6E70EB24-FA98-4F5C-BC27-5B511898EFE4}.Release|Any CPU.Build.0 = Release|Any CPU
	EndGlobalSection
	GlobalSection(SolutionProperties) = preSolution
		HideSolutionNode = FALSE
	EndGlobalSection
	GlobalSection(ExtensibilityGlobals) = postSolution
		SolutionGuid = {E40E3A1E-A452-4C60-A81F-34EC3DC869F7}
	EndGlobalSection
EndGlobal
